
Microsoft Visual Studio Solution File, Format Version 12.00
# Visual Studio Version 17
VisualStudioVersion = 17.9.34723.18
MinimumVisualStudioVersion = 10.0.40219.1
Project("{FAE04EC0-301F-11D3-BF4B-00C04F79EFBC}") = "SportsStore", "SportsStore\SportsStore.csproj", "{AC6BA736-C761-408C-A9E0-A44AD483E7D7}"
EndProject
Project("{FAE04EC0-301F-11D3-BF4B-00C04F79EFBC}") = "SportsStore.Tests", "SportsStore.Tests\SportsStore.Tests.csproj", "{28A54337-A59F-4E4E-9671-3DDCF33EF30E}"
EndProject
Global
	GlobalSection(SolutionConfigurationPlatforms) = preSolution
		Debug|Any CPU = Debug|Any CPU
		Release|Any CPU = Release|Any CPU
	EndGlobalSection
	GlobalSection(ProjectConfigurationPlatforms) = postSolution
		{AC6BA736-C761-408C-A9E0-A44AD483E7D7}.Debug|Any CPU.ActiveCfg = Debug|Any CPU
		{AC6BA736-C761-408C-A9E0-A44AD483E7D7}.Debug|Any CPU.Build.0 = Debug|Any CPU
		{AC6BA736-C761-408C-A9E0-A44AD483E7D7}.Release|Any CPU.ActiveCfg = Release|Any CPU
		{AC6BA736-C761-408C-A9E0-A44AD483E7D7}.Release|Any CPU.Build.0 = Release|Any CPU
		{28A54337-A59F-4E4E-9671-3DDCF33EF30E}.Debug|Any CPU.ActiveCfg = Debug|Any CPU
		{28A54337-A59F-4E4E-9671-3DDCF33EF30E}.Debug|Any CPU.Build.0 = Debug|Any CPU
		{28A54337-A59F-4E4E-9671-3DDCF33EF30E}.Release|Any CPU.ActiveCfg = Release|Any CPU
		{28A54337-A59F-4E4E-9671-3DDCF33EF30E}.Release|Any CPU.Build.0 = Release|Any CPU
	EndGlobalSection
	GlobalSection(SolutionProperties) = preSolution
		HideSolutionNode = FALSE
	EndGlobalSection
	GlobalSection(ExtensibilityGlobals) = postSolution
		SolutionGuid = {1A4927E4-3BA3-4550-BED6-C9F0A124AEF5}
	EndGlobalSection
EndGlobal
